{
  "name": "mta_ui1",
  "version": "1.0.0",
  "lockfileVersion": 1,
  "requires": true,
  "dependencies": {
    "@sap/ux-specification": {
      "version": "1.90.1",
      "resolved": "http://nginx-redirector.repo-cache.svc.cluster.local/repository/appstudio-npm-group/@sap/ux-specification/-/ux-specification-1.90.1.tgz",
      "integrity": "sha512-f6HYAZqBqB5uI2GkUnhA+EWSBaB39Jcl6+u5xp3KcV7R61qbc+WWeYH2gEgkh++j5hLbCLlLoE/YxW3cXFaXEQ==",
      "dev": true
    }
  }
}
